
Microsoft Visual Studio Solution File, Format Version 12.00
# Visual Studio Version 16
VisualStudioVersion = 16.0.31729.503
MinimumVisualStudioVersion = 10.0.40219.1
Project("{FAE04EC0-301F-11D3-BF4B-00C04F79EFBC}") = "Assignment", "Assignment.csproj", "{026B64BB-40A9-47EF-B7E8-A8FF8CAA72F1}"
EndProject
Global
	GlobalSection(SolutionConfigurationPlatforms) = preSolution
		Debug|Any CPU = Debug|Any CPU
		Release|Any CPU = Release|Any CPU
	EndGlobalSection
	GlobalSection(ProjectConfigurationPlatforms) = postSolution
		{026B64BB-40A9-47EF-B7E8-A8FF8CAA72F1}.Debug|Any CPU.ActiveCfg = Debug|Any CPU
		{026B64BB-40A9-47EF-B7E8-A8FF8CAA72F1}.Debug|Any CPU.Build.0 = Debug|Any CPU
		{026B64BB-40A9-47EF-B7E8-A8FF8CAA72F1}.Release|Any CPU.ActiveCfg = Release|Any CPU
		{026B64BB-40A9-47EF-B7E8-A8FF8CAA72F1}.Release|Any CPU.Build.0 = Release|Any CPU
	EndGlobalSection
	GlobalSection(SolutionProperties) = preSolution
		HideSolutionNode = FALSE
	EndGlobalSection
	GlobalSection(ExtensibilityGlobals) = postSolution
		SolutionGuid = {7FB37389-B23A-4B94-8010-74A5C4CA7057}
	EndGlobalSection
EndGlobal
